
Microsoft Visual Studio Solution File, Format Version 12.00
Project("{FAE04EC0-301F-11D3-BF4B-00C04F79EFBC}") = "VetClinic.Service", "VetClinic.Service\VetClinic.Service.csproj", "{AC94F759-DB39-44E0-9E85-0333FDC35AA6}"
EndProject
Global
	GlobalSection(SolutionConfigurationPlatforms) = preSolution
		Debug|Any CPU = Debug|Any CPU
		Release|Any CPU = Release|Any CPU
	EndGlobalSection
	GlobalSection(ProjectConfigurationPlatforms) = postSolution
		{AC94F759-DB39-44E0-9E85-0333FDC35AA6}.Debug|Any CPU.ActiveCfg = Debug|Any CPU
		{AC94F759-DB39-44E0-9E85-0333FDC35AA6}.Debug|Any CPU.Build.0 = Debug|Any CPU
		{AC94F759-DB39-44E0-9E85-0333FDC35AA6}.Release|Any CPU.ActiveCfg = Release|Any CPU
		{AC94F759-DB39-44E0-9E85-0333FDC35AA6}.Release|Any CPU.Build.0 = Release|Any CPU
	EndGlobalSection
EndGlobal
